
Microsoft Visual Studio Solution File, Format Version 12.00
# Visual Studio 14
VisualStudioVersion = 14.0.23107.0
MinimumVisualStudioVersion = 10.0.40219.1
Project("{8BC9CEB8-8B4A-11D0-8D11-00A0C91BC942}") = "NimGame", "NimGame\NimGame.vcxproj", "{DAE152F4-F0DE-4A49-86D3-951621F51AD3}"
EndProject
Project("{8BC9CEB8-8B4A-11D0-8D11-00A0C91BC942}") = "MoveZeros", "MoveZeros\MoveZeros.vcxproj", "{0B334BB9-B392-43D8-B54F-E76D60A43E0F}"
EndProject
Project("{8BC9CEB8-8B4A-11D0-8D11-00A0C91BC942}") = "HIndex", "HIndex\HIndex.vcxproj", "{78DB9A1D-818B-4070-9489-50546B652A6E}"
EndProject
Project("{8BC9CEB8-8B4A-11D0-8D11-00A0C91BC942}") = "MissingNumber", "MissingNumber\MissingNumber.vcxproj", "{8D32F4A8-1B9F-4CCA-8AF0-5415D0B604B6}"
EndProject
Project("{8BC9CEB8-8B4A-11D0-8D11-00A0C91BC942}") = "MinStack", "MinStack\MinStack.vcxproj", "{5F104D47-F759-4E67-B943-46D2DCCDEF9E}"
EndProject
Project("{8BC9CEB8-8B4A-11D0-8D11-00A0C91BC942}") = "AddDigits", "AddDigits\AddDigits.vcxproj", "{EB3D3B88-3133-4CBF-8B0D-97B17414ED2B}"
EndProject
Project("{8BC9CEB8-8B4A-11D0-8D11-00A0C91BC942}") = "HappyNumber", "HappyNumber\HappyNumber.vcxproj", "{36787BE2-C46F-4799-A8D5-A753676A616C}"
EndProject
Project("{8BC9CEB8-8B4A-11D0-8D11-00A0C91BC942}") = "SimplifyPath", "SimplifyPath\SimplifyPath.vcxproj", "{B5FCBC80-F1D4-430E-A2F6-48248148EB29}"
EndProject
Project("{8BC9CEB8-8B4A-11D0-8D11-00A0C91BC942}") = "AddBinary", "AddBinary\AddBinary.vcxproj", "{C35CC464-4315-449F-957A-F88C45C288F1}"
EndProject
Project("{8BC9CEB8-8B4A-11D0-8D11-00A0C91BC942}") = "DecodeWays", "DecodeWays\DecodeWays.vcxproj", "{9A51C097-2443-437D-B485-6FCCDCDD6FD9}"
EndProject
Project("{8BC9CEB8-8B4A-11D0-8D11-00A0C91BC942}") = "ClimbingStairs", "ClimbingStairs\ClimbingStairs.vcxproj", "{CE286F6A-E19F-4ADC-B01A-7A5F61CFE328}"
EndProject
Project("{8BC9CEB8-8B4A-11D0-8D11-00A0C91BC942}") = "UniqueBinarySearchTrees", "UniqueBinarySearchTrees\UniqueBinarySearchTrees.vcxproj", "{745E683C-D819-4339-ACA8-C612273CA394}"
EndProject
Project("{8BC9CEB8-8B4A-11D0-8D11-00A0C91BC942}") = "HouseRobber", "HouseRobber\HouseRobber.vcxproj", "{6DC0F799-2DB2-442E-959A-7A9EEDA76B2E}"
EndProject
Project("{8BC9CEB8-8B4A-11D0-8D11-00A0C91BC942}") = "HouseRobberII", "HouseRobberII\HouseRobberII.vcxproj", "{8B720D4B-454B-4EAA-BF0F-E253AAE4E2F0}"
EndProject
Global
	GlobalSection(SolutionConfigurationPlatforms) = preSolution
		Debug|x64 = Debug|x64
		Debug|x86 = Debug|x86
		Release|x64 = Release|x64
		Release|x86 = Release|x86
	EndGlobalSection
	GlobalSection(ProjectConfigurationPlatforms) = postSolution
		{DAE152F4-F0DE-4A49-86D3-951621F51AD3}.Debug|x64.ActiveCfg = Debug|x64
		{DAE152F4-F0DE-4A49-86D3-951621F51AD3}.Debug|x64.Build.0 = Debug|x64
		{DAE152F4-F0DE-4A49-86D3-951621F51AD3}.Debug|x86.ActiveCfg = Debug|Win32
		{DAE152F4-F0DE-4A49-86D3-951621F51AD3}.Debug|x86.Build.0 = Debug|Win32
		{DAE152F4-F0DE-4A49-86D3-951621F51AD3}.Release|x64.ActiveCfg = Release|x64
		{DAE152F4-F0DE-4A49-86D3-951621F51AD3}.Release|x64.Build.0 = Release|x64
		{DAE152F4-F0DE-4A49-86D3-951621F51AD3}.Release|x86.ActiveCfg = Release|Win32
		{DAE152F4-F0DE-4A49-86D3-951621F51AD3}.Release|x86.Build.0 = Release|Win32
		{0B334BB9-B392-43D8-B54F-E76D60A43E0F}.Debug|x64.ActiveCfg = Debug|x64
		{0B334BB9-B392-43D8-B54F-E76D60A43E0F}.Debug|x64.Build.0 = Debug|x64
		{0B334BB9-B392-43D8-B54F-E76D60A43E0F}.Debug|x86.ActiveCfg = Debug|Win32
		{0B334BB9-B392-43D8-B54F-E76D60A43E0F}.Debug|x86.Build.0 = Debug|Win32
		{0B334BB9-B392-43D8-B54F-E76D60A43E0F}.Release|x64.ActiveCfg = Release|x64
		{0B334BB9-B392-43D8-B54F-E76D60A43E0F}.Release|x64.Build.0 = Release|x64
		{0B334BB9-B392-43D8-B54F-E76D60A43E0F}.Release|x86.ActiveCfg = Release|Win32
		{0B334BB9-B392-43D8-B54F-E76D60A43E0F}.Release|x86.Build.0 = Release|Win32
		{78DB9A1D-818B-4070-9489-50546B652A6E}.Debug|x64.ActiveCfg = Debug|x64
		{78DB9A1D-818B-4070-9489-50546B652A6E}.Debug|x64.Build.0 = Debug|x64
		{78DB9A1D-818B-4070-9489-50546B652A6E}.Debug|x86.ActiveCfg = Debug|Win32
		{78DB9A1D-818B-4070-9489-50546B652A6E}.Debug|x86.Build.0 = Debug|Win32
		{78DB9A1D-818B-4070-9489-50546B652A6E}.Release|x64.ActiveCfg = Release|x64
		{78DB9A1D-818B-4070-9489-50546B652A6E}.Release|x64.Build.0 = Release|x64
		{78DB9A1D-818B-4070-9489-50546B652A6E}.Release|x86.ActiveCfg = Release|Win32
		{78DB9A1D-818B-4070-9489-50546B652A6E}.Release|x86.Build.0 = Release|Win32
		{8D32F4A8-1B9F-4CCA-8AF0-5415D0B604B6}.Debug|x64.ActiveCfg = Debug|x64
		{8D32F4A8-1B9F-4CCA-8AF0-5415D0B604B6}.Debug|x64.Build.0 = Debug|x64
		{8D32F4A8-1B9F-4CCA-8AF0-5415D0B604B6}.Debug|x86.ActiveCfg = Debug|Win32
		{8D32F4A8-1B9F-4CCA-8AF0-5415D0B604B6}.Debug|x86.Build.0 = Debug|Win32
		{8D32F4A8-1B9F-4CCA-8AF0-5415D0B604B6}.Release|x64.ActiveCfg = Release|x64
		{8D32F4A8-1B9F-4CCA-8AF0-5415D0B604B6}.Release|x64.Build.0 = Release|x64
		{8D32F4A8-1B9F-4CCA-8AF0-5415D0B604B6}.Release|x86.ActiveCfg = Release|Win32
		{8D32F4A8-1B9F-4CCA-8AF0-5415D0B604B6}.Release|x86.Build.0 = Release|Win32
		{5F104D47-F759-4E67-B943-46D2DCCDEF9E}.Debug|x64.ActiveCfg = Debug|x64
		{5F104D47-F759-4E67-B943-46D2DCCDEF9E}.Debug|x64.Build.0 = Debug|x64
		{5F104D47-F759-4E67-B943-46D2DCCDEF9E}.Debug|x86.ActiveCfg = Debug|Win32
		{5F104D47-F759-4E67-B943-46D2DCCDEF9E}.Debug|x86.Build.0 = Debug|Win32
		{5F104D47-F759-4E67-B943-46D2DCCDEF9E}.Release|x64.ActiveCfg = Release|x64
		{5F104D47-F759-4E67-B943-46D2DCCDEF9E}.Release|x64.Build.0 = Release|x64
		{5F104D47-F759-4E67-B943-46D2DCCDEF9E}.Release|x86.ActiveCfg = Release|Win32
		{5F104D47-F759-4E67-B943-46D2DCCDEF9E}.Release|x86.Build.0 = Release|Win32
		{EB3D3B88-3133-4CBF-8B0D-97B17414ED2B}.Debug|x64.ActiveCfg = Debug|x64
		{EB3D3B88-3133-4CBF-8B0D-97B17414ED2B}.Debug|x64.Build.0 = Debug|x64
		{EB3D3B88-3133-4CBF-8B0D-97B17414ED2B}.Debug|x86.ActiveCfg = Debug|Win32
		{EB3D3B88-3133-4CBF-8B0D-97B17414ED2B}.Debug|x86.Build.0 = Debug|Win32
		{EB3D3B88-3133-4CBF-8B0D-97B17414ED2B}.Release|x64.ActiveCfg = Release|x64
		{EB3D3B88-3133-4CBF-8B0D-97B17414ED2B}.Release|x64.Build.0 = Release|x64
		{EB3D3B88-3133-4CBF-8B0D-97B17414ED2B}.Release|x86.ActiveCfg = Release|Win32
		{EB3D3B88-3133-4CBF-8B0D-97B17414ED2B}.Release|x86.Build.0 = Release|Win32
		{36787BE2-C46F-4799-A8D5-A753676A616C}.Debug|x64.ActiveCfg = Debug|x64
		{36787BE2-C46F-4799-A8D5-A753676A616C}.Debug|x64.Build.0 = Debug|x64
		{36787BE2-C46F-4799-A8D5-A753676A616C}.Debug|x86.ActiveCfg = Debug|Win32
		{36787BE2-C46F-4799-A8D5-A753676A616C}.Debug|x86.Build.0 = Debug|Win32
		{36787BE2-C46F-4799-A8D5-A753676A616C}.Release|x64.ActiveCfg = Release|x64
		{36787BE2-C46F-4799-A8D5-A753676A616C}.Release|x64.Build.0 = Release|x64
		{36787BE2-C46F-4799-A8D5-A753676A616C}.Release|x86.ActiveCfg = Release|Win32
		{36787BE2-C46F-4799-A8D5-A753676A616C}.Release|x86.Build.0 = Release|Win32
		{B5FCBC80-F1D4-430E-A2F6-48248148EB29}.Debug|x64.ActiveCfg = Debug|x64
		{B5FCBC80-F1D4-430E-A2F6-48248148EB29}.Debug|x64.Build.0 = Debug|x64
		{B5FCBC80-F1D4-430E-A2F6-48248148EB29}.Debug|x86.ActiveCfg = Debug|Win32
		{B5FCBC80-F1D4-430E-A2F6-48248148EB29}.Debug|x86.Build.0 = Debug|Win32
		{B5FCBC80-F1D4-430E-A2F6-48248148EB29}.Release|x64.ActiveCfg = Release|x64
		{B5FCBC80-F1D4-430E-A2F6-48248148EB29}.Release|x64.Build.0 = Release|x64
		{B5FCBC80-F1D4-430E-A2F6-48248148EB29}.Release|x86.ActiveCfg = Release|Win32
		{B5FCBC80-F1D4-430E-A2F6-48248148EB29}.Release|x86.Build.0 = Release|Win32
		{C35CC464-4315-449F-957A-F88C45C288F1}.Debug|x64.ActiveCfg = Debug|x64
		{C35CC464-4315-449F-957A-F88C45C288F1}.Debug|x64.Build.0 = Debug|x64
		{C35CC464-4315-449F-957A-F88C45C288F1}.Debug|x86.ActiveCfg = Debug|Win32
		{C35CC464-4315-449F-957A-F88C45C288F1}.Debug|x86.Build.0 = Debug|Win32
		{C35CC464-4315-449F-957A-F88C45C288F1}.Release|x64.ActiveCfg = Release|x64
		{C35CC464-4315-449F-957A-F88C45C288F1}.Release|x64.Build.0 = Release|x64
		{C35CC464-4315-449F-957A-F88C45C288F1}.Release|x86.ActiveCfg = Release|Win32
		{C35CC464-4315-449F-957A-F88C45C288F1}.Release|x86.Build.0 = Release|Win32
		{9A51C097-2443-437D-B485-6FCCDCDD6FD9}.Debug|x64.ActiveCfg = Debug|x64
		{9A51C097-2443-437D-B485-6FCCDCDD6FD9}.Debug|x64.Build.0 = Debug|x64
		{9A51C097-2443-437D-B485-6FCCDCDD6FD9}.Debug|x86.ActiveCfg = Debug|Win32
		{9A51C097-2443-437D-B485-6FCCDCDD6FD9}.Debug|x86.Build.0 = Debug|Win32
		{9A51C097-2443-437D-B485-6FCCDCDD6FD9}.Release|x64.ActiveCfg = Release|x64
		{9A51C097-2443-437D-B485-6FCCDCDD6FD9}.Release|x64.Build.0 = Release|x64
		{9A51C097-2443-437D-B485-6FCCDCDD6FD9}.Release|x86.ActiveCfg = Release|Win32
		{9A51C097-2443-437D-B485-6FCCDCDD6FD9}.Release|x86.Build.0 = Release|Win32
		{CE286F6A-E19F-4ADC-B01A-7A5F61CFE328}.Debug|x64.ActiveCfg = Debug|x64
		{CE286F6A-E19F-4ADC-B01A-7A5F61CFE328}.Debug|x64.Build.0 = Debug|x64
		{CE286F6A-E19F-4ADC-B01A-7A5F61CFE328}.Debug|x86.ActiveCfg = Debug|Win32
		{CE286F6A-E19F-4ADC-B01A-7A5F61CFE328}.Debug|x86.Build.0 = Debug|Win32
		{CE286F6A-E19F-4ADC-B01A-7A5F61CFE328}.Release|x64.ActiveCfg = Release|x64
		{CE286F6A-E19F-4ADC-B01A-7A5F61CFE328}.Release|x64.Build.0 = Release|x64
		{CE286F6A-E19F-4ADC-B01A-7A5F61CFE328}.Release|x86.ActiveCfg = Release|Win32
		{CE286F6A-E19F-4ADC-B01A-7A5F61CFE328}.Release|x86.Build.0 = Release|Win32
		{745E683C-D819-4339-ACA8-C612273CA394}.Debug|x64.ActiveCfg = Debug|x64
		{745E683C-D819-4339-ACA8-C612273CA394}.Debug|x64.Build.0 = Debug|x64
		{745E683C-D819-4339-ACA8-C612273CA394}.Debug|x86.ActiveCfg = Debug|Win32
		{745E683C-D819-4339-ACA8-C612273CA394}.Debug|x86.Build.0 = Debug|Win32
		{745E683C-D819-4339-ACA8-C612273CA394}.Release|x64.ActiveCfg = Release|x64
		{745E683C-D819-4339-ACA8-C612273CA394}.Release|x64.Build.0 = Release|x64
		{745E683C-D819-4339-ACA8-C612273CA394}.Release|x86.ActiveCfg = Release|Win32
		{745E683C-D819-4339-ACA8-C612273CA394}.Release|x86.Build.0 = Release|Win32
		{6DC0F799-2DB2-442E-959A-7A9EEDA76B2E}.Debug|x64.ActiveCfg = Debug|x64
		{6DC0F799-2DB2-442E-959A-7A9EEDA76B2E}.Debug|x64.Build.0 = Debug|x64
		{6DC0F799-2DB2-442E-959A-7A9EEDA76B2E}.Debug|x86.ActiveCfg = Debug|Win32
		{6DC0F799-2DB2-442E-959A-7A9EEDA76B2E}.Debug|x86.Build.0 = Debug|Win32
		{6DC0F799-2DB2-442E-959A-7A9EEDA76B2E}.Release|x64.ActiveCfg = Release|x64
		{6DC0F799-2DB2-442E-959A-7A9EEDA76B2E}.Release|x64.Build.0 = Release|x64
		{6DC0F799-2DB2-442E-959A-7A9EEDA76B2E}.Release|x86.ActiveCfg = Release|Win32
		{6DC0F799-2DB2-442E-959A-7A9EEDA76B2E}.Release|x86.Build.0 = Release|Win32
		{8B720D4B-454B-4EAA-BF0F-E253AAE4E2F0}.Debug|x64.ActiveCfg = Debug|x64
		{8B720D4B-454B-4EAA-BF0F-E253AAE4E2F0}.Debug|x64.Build.0 = Debug|x64
		{8B720D4B-454B-4EAA-BF0F-E253AAE4E2F0}.Debug|x86.ActiveCfg = Debug|Win32
		{8B720D4B-454B-4EAA-BF0F-E253AAE4E2F0}.Debug|x86.Build.0 = Debug|Win32
		{8B720D4B-454B-4EAA-BF0F-E253AAE4E2F0}.Release|x64.ActiveCfg = Release|x64
		{8B720D4B-454B-4EAA-BF0F-E253AAE4E2F0}.Release|x64.Build.0 = Release|x64
		{8B720D4B-454B-4EAA-BF0F-E253AAE4E2F0}.Release|x86.ActiveCfg = Release|Win32
		{8B720D4B-454B-4EAA-BF0F-E253AAE4E2F0}.Release|x86.Build.0 = Release|Win32
	EndGlobalSection
	GlobalSection(SolutionProperties) = preSolution
		HideSolutionNode = FALSE
	EndGlobalSection
EndGlobal
